
Microsoft Visual Studio Solution File, Format Version 12.00
# Visual Studio Version 16
VisualStudioVersion = 16.0.30011.22
MinimumVisualStudioVersion = 10.0.40219.1
Project("{FAE04EC0-301F-11D3-BF4B-00C04F79EFBC}") = "WebApplication1", "WebApplication1\WebApplication1.csproj", "{6942092B-66FE-4E51-A541-E3062C99760E}"
EndProject
Global
	GlobalSection(SolutionConfigurationPlatforms) = preSolution
		Debug|Any CPU = Debug|Any CPU
		Release|Any CPU = Release|Any CPU
	EndGlobalSection
	GlobalSection(ProjectConfigurationPlatforms) = postSolution
		{6942092B-66FE-4E51-A541-E3062C99760E}.Debug|Any CPU.ActiveCfg = Debug|Any CPU
		{6942092B-66FE-4E51-A541-E3062C99760E}.Debug|Any CPU.Build.0 = Debug|Any CPU
		{6942092B-66FE-4E51-A541-E3062C99760E}.Release|Any CPU.ActiveCfg = Release|Any CPU
		{6942092B-66FE-4E51-A541-E3062C99760E}.Release|Any CPU.Build.0 = Release|Any CPU
	EndGlobalSection
	GlobalSection(SolutionProperties) = preSolution
		HideSolutionNode = FALSE
	EndGlobalSection
	GlobalSection(ExtensibilityGlobals) = postSolution
		SolutionGuid = {A55FE04F-C0B7-495D-94BC-B3273C356798}
	EndGlobalSection
EndGlobal
